// !$*UTF8*$!
{
	archiveVersion = 1;
	classes = {
	};
	objectVersion = 46;
	objects = {

/* Begin PBXBuildFile section */
		D7E8FCB61C11A02F005E908F /* main.m in Sources */ = {isa = PBXBuildFile; fileRef = D7E8FCB51C11A02F005E908F /* main.m */; };
		D7E8FCB91C11A02F005E908F /* AppDelegate.m in Sources */ = {isa = PBXBuildFile; fileRef = D7E8FCB81C11A02F005E908F /* AppDelegate.m */; };
		D7E8FCBC1C11A02F005E908F /* ViewController.m in Sources */ = {isa = PBXBuildFile; fileRef = D7E8FCBB1C11A02F005E908F /* ViewController.m */; };
		D7E8FCBF1C11A02F005E908F /* Main.storyboard in Resources */ = {isa = PBXBuildFile; fileRef = D7E8FCBD1C11A02F005E908F /* Main.storyboard */; };
		D7E8FCC11C11A02F005E908F /* Assets.xcassets in Resources */ = {isa = PBXBuildFile; fileRef = D7E8FCC01C11A02F005E908F /* Assets.xcassets */; };
		D7E8FCC41C11A02F005E908F /* LaunchScreen.storyboard in Resources */ = {isa = PBXBuildFile; fileRef = D7E8FCC21C11A02F005E908F /* LaunchScreen.storyboard */; };
		D7E8FCCF1C11A02F005E908F /* XTMultipleTablesTests.m in Sources */ = {isa = PBXBuildFile; fileRef = D7E8FCCE1C11A02F005E908F /* XTMultipleTablesTests.m */; };
		D7E8FCDA1C11A02F005E908F /* XTMultipleTablesUITests.m in Sources */ = {isa = PBXBuildFile; fileRef = D7E8FCD91C11A02F005E908F /* XTMultipleTablesUITests.m */; };
		D7E8FCEA1C11A06E005E908F /* XTMultipleTables.m in Sources */ = {isa = PBXBuildFile; fileRef = D7E8FCE91C11A06E005E908F /* XTMultipleTables.m */; };
		D7E8FD611C153841005E908F /* TableHandler_homePage.m in Sources */ = {isa = PBXBuildFile; fileRef = D7E8FD601C153841005E908F /* TableHandler_homePage.m */; };
		D7E8FD651C153C66005E908F /* HomeCell.m in Sources */ = {isa = PBXBuildFile; fileRef = D7E8FD631C153C66005E908F /* HomeCell.m */; };
		D7E8FD661C153C66005E908F /* HomeCell.xib in Resources */ = {isa = PBXBuildFile; fileRef = D7E8FD641C153C66005E908F /* HomeCell.xib */; };
		D7E8FD691C157179005E908F /* XTTableViewRootHandler.m in Sources */ = {isa = PBXBuildFile; fileRef = D7E8FD681C157179005E908F /* XTTableViewRootHandler.m */; };
		D7E8FD6C1C1576C8005E908F /* TableHander_ entertainment.m in Sources */ = {isa = PBXBuildFile; fileRef = D7E8FD6B1C1576C8005E908F /* TableHander_ entertainment.m */; };
		D7E8FD701C1576EE005E908F /* EntertainmentCell.m in Sources */ = {isa = PBXBuildFile; fileRef = D7E8FD6E1C1576EE005E908F /* EntertainmentCell.m */; };
		D7E8FD711C1576EE005E908F /* EntertainmentCell.xib in Resources */ = {isa = PBXBuildFile; fileRef = D7E8FD6F1C1576EE005E908F /* EntertainmentCell.xib */; };
		D7E8FD771C158810005E908F /* TableHandler_hot.m in Sources */ = {isa = PBXBuildFile; fileRef = D7E8FD761C158810005E908F /* TableHandler_hot.m */; };
		D7E8FD7B1C158849005E908F /* HotPointCell.m in Sources */ = {isa = PBXBuildFile; fileRef = D7E8FD791C158849005E908F /* HotPointCell.m */; };
		D7E8FD7C1C158849005E908F /* HotPointCell.xib in Resources */ = {isa = PBXBuildFile; fileRef = D7E8FD7A1C158849005E908F /* HotPointCell.xib */; };
		D7E8FEA71C1AA771005E908F /* XTStretchSegment.m in Sources */ = {isa = PBXBuildFile; fileRef = D7E8FEA61C1AA771005E908F /* XTStretchSegment.m */; };
/* End PBXBuildFile section */

/* Begin PBXContainerItemProxy section */
		D7E8FCCB1C11A02F005E908F /* PBXContainerItemProxy */ = {
			isa = PBXContainerItemProxy;
			containerPortal = D7E8FCA91C11A02F005E908F /* Project object */;
			proxyType = 1;
			remoteGlobalIDString = D7E8FCB01C11A02F005E908F;
			remoteInfo = XTMultipleTables;
		};
		D7E8FCD61C11A02F005E908F /* PBXContainerItemProxy */ = {
			isa = PBXContainerItemProxy;
			containerPortal = D7E8FCA91C11A02F005E908F /* Project object */;
			proxyType = 1;
			remoteGlobalIDString = D7E8FCB01C11A02F005E908F;
			remoteInfo = XTMultipleTables;
		};
/* End PBXContainerItemProxy section */

/* Begin PBXFileReference section */
		D7E8FCB11C11A02F005E908F /* XTMultipleTables.app */ = {isa = PBXFileReference; explicitFileType = wrapper.application; includeInIndex = 0; path = XTMultipleTables.app; sourceTree = BUILT_PRODUCTS_DIR; };
		D7E8FCB51C11A02F005E908F /* main.m */ = {isa = PBXFileReference; lastKnownFileType = sourcecode.c.objc; path = main.m; sourceTree = "<group>"; };
		D7E8FCB71C11A02F005E908F /* AppDelegate.h */ = {isa = PBXFileReference; lastKnownFileType = sourcecode.c.h; path = AppDelegate.h; sourceTree = "<group>"; };
		D7E8FCB81C11A02F005E908F /* AppDelegate.m */ = {isa = PBXFileReference; lastKnownFileType = sourcecode.c.objc; path = AppDelegate.m; sourceTree = "<group>"; };
		D7E8FCBA1C11A02F005E908F /* ViewController.h */ = {isa = PBXFileReference; lastKnownFileType = sourcecode.c.h; path = ViewController.h; sourceTree = "<group>"; };
		D7E8FCBB1C11A02F005E908F /* ViewController.m */ = {isa = PBXFileReference; lastKnownFileType = sourcecode.c.objc; path = ViewController.m; sourceTree = "<group>"; };
		D7E8FCBE1C11A02F005E908F /* Base */ = {isa = PBXFileReference; lastKnownFileType = file.storyboard; name = Base; path = Base.lproj/Main.storyboard; sourceTree = "<group>"; };
		D7E8FCC01C11A02F005E908F /* Assets.xcassets */ = {isa = PBXFileReference; lastKnownFileType = folder.assetcatalog; path = Assets.xcassets; sourceTree = "<group>"; };
		D7E8FCC31C11A02F005E908F /* Base */ = {isa = PBXFileReference; lastKnownFileType = file.storyboard; name = Base; path = Base.lproj/LaunchScreen.storyboard; sourceTree = "<group>"; };
		D7E8FCC51C11A02F005E908F /* Info.plist */ = {isa = PBXFileReference; lastKnownFileType = text.plist.xml; path = Info.plist; sourceTree = "<group>"; };
		D7E8FCCA1C11A02F005E908F /* XTMultipleTablesTests.xctest */ = {isa = PBXFileReference; explicitFileType = wrapper.cfbundle; includeInIndex = 0; path = XTMultipleTablesTests.xctest; sourceTree = BUILT_PRODUCTS_DIR; };
		D7E8FCCE1C11A02F005E908F /* XTMultipleTablesTests.m */ = {isa = PBXFileReference; lastKnownFileType = sourcecode.c.objc; path = XTMultipleTablesTests.m; sourceTree = "<group>"; };
		D7E8FCD01C11A02F005E908F /* Info.plist */ = {isa = PBXFileReference; lastKnownFileType = text.plist.xml; path = Info.plist; sourceTree = "<group>"; };
		D7E8FCD51C11A02F005E908F /* XTMultipleTablesUITests.xctest */ = {isa = PBXFileReference; explicitFileType = wrapper.cfbundle; includeInIndex = 0; path = XTMultipleTablesUITests.xctest; sourceTree = BUILT_PRODUCTS_DIR; };
		D7E8FCD91C11A02F005E908F /* XTMultipleTablesUITests.m */ = {isa = PBXFileReference; lastKnownFileType = sourcecode.c.objc; path = XTMultipleTablesUITests.m; sourceTree = "<group>"; };
		D7E8FCDB1C11A02F005E908F /* Info.plist */ = {isa = PBXFileReference; lastKnownFileType = text.plist.xml; path = Info.plist; sourceTree = "<group>"; };
		D7E8FCE81C11A06E005E908F /* XTMultipleTables.h */ = {isa = PBXFileReference; fileEncoding = 4; lastKnownFileType = sourcecode.c.h; path = XTMultipleTables.h; sourceTree = "<group>"; };
		D7E8FCE91C11A06E005E908F /* XTMultipleTables.m */ = {isa = PBXFileReference; fileEncoding = 4; lastKnownFileType = sourcecode.c.objc; path = XTMultipleTables.m; sourceTree = "<group>"; };
		D7E8FD5F1C153841005E908F /* TableHandler_homePage.h */ = {isa = PBXFileReference; fileEncoding = 4; lastKnownFileType = sourcecode.c.h; name = TableHandler_homePage.h; path = TableHandlers/TableHandler_homePage.h; sourceTree = "<group>"; };
		D7E8FD601C153841005E908F /* TableHandler_homePage.m */ = {isa = PBXFileReference; fileEncoding = 4; lastKnownFileType = sourcecode.c.objc; name = TableHandler_homePage.m; path = TableHandlers/TableHandler_homePage.m; sourceTree = "<group>"; };
		D7E8FD621C153C66005E908F /* HomeCell.h */ = {isa = PBXFileReference; fileEncoding = 4; lastKnownFileType = sourcecode.c.h; name = HomeCell.h; path = TableHandlers/HomeCell.h; sourceTree = "<group>"; };
		D7E8FD631C153C66005E908F /* HomeCell.m */ = {isa = PBXFileReference; fileEncoding = 4; lastKnownFileType = sourcecode.c.objc; name = HomeCell.m; path = TableHandlers/HomeCell.m; sourceTree = "<group>"; };
		D7E8FD641C153C66005E908F /* HomeCell.xib */ = {isa = PBXFileReference; fileEncoding = 4; lastKnownFileType = file.xib; name = HomeCell.xib; path = TableHandlers/HomeCell.xib; sourceTree = "<group>"; };
		D7E8FD671C157178005E908F /* XTTableViewRootHandler.h */ = {isa = PBXFileReference; fileEncoding = 4; lastKnownFileType = sourcecode.c.h; name = XTTableViewRootHandler.h; path = RootTableHander/XTTableViewRootHandler.h; sourceTree = "<group>"; };
		D7E8FD681C157179005E908F /* XTTableViewRootHandler.m */ = {isa = PBXFileReference; fileEncoding = 4; lastKnownFileType = sourcecode.c.objc; name = XTTableViewRootHandler.m; path = RootTableHander/XTTableViewRootHandler.m; sourceTree = "<group>"; };
		D7E8FD6A1C1576C8005E908F /* TableHander_ entertainment.h */ = {isa = PBXFileReference; fileEncoding = 4; lastKnownFileType = sourcecode.c.h; name = "TableHander_ entertainment.h"; path = "TableHandlers/TableHander_ entertainment.h"; sourceTree = "<group>"; };
		D7E8FD6B1C1576C8005E908F /* TableHander_ entertainment.m */ = {isa = PBXFileReference; fileEncoding = 4; lastKnownFileType = sourcecode.c.objc; name = "TableHander_ entertainment.m"; path = "TableHandlers/TableHander_ entertainment.m"; sourceTree = "<group>"; };
		D7E8FD6D1C1576EE005E908F /* EntertainmentCell.h */ = {isa = PBXFileReference; fileEncoding = 4; lastKnownFileType = sourcecode.c.h; name = EntertainmentCell.h; path = TableHandlers/EntertainmentCell.h; sourceTree = "<group>"; };
		D7E8FD6E1C1576EE005E908F /* EntertainmentCell.m */ = {isa = PBXFileReference; fileEncoding = 4; lastKnownFileType = sourcecode.c.objc; name = EntertainmentCell.m; path = TableHandlers/EntertainmentCell.m; sourceTree = "<group>"; };
		D7E8FD6F1C1576EE005E908F /* EntertainmentCell.xib */ = {isa = PBXFileReference; fileEncoding = 4; lastKnownFileType = file.xib; name = EntertainmentCell.xib; path = TableHandlers/EntertainmentCell.xib; sourceTree = "<group>"; };
		D7E8FD751C158810005E908F /* TableHandler_hot.h */ = {isa = PBXFileReference; fileEncoding = 4; lastKnownFileType = sourcecode.c.h; name = TableHandler_hot.h; path = TableHandlers/TableHandler_hot.h; sourceTree = "<group>"; };
		D7E8FD761C158810005E908F /* TableHandler_hot.m */ = {isa = PBXFileReference; fileEncoding = 4; lastKnownFileType = sourcecode.c.objc; name = TableHandler_hot.m; path = TableHandlers/TableHandler_hot.m; sourceTree = "<group>"; };
		D7E8FD781C158849005E908F /* HotPointCell.h */ = {isa = PBXFileReference; fileEncoding = 4; lastKnownFileType = sourcecode.c.h; name = HotPointCell.h; path = TableHandlers/HotPointCell.h; sourceTree = "<group>"; };
		D7E8FD791C158849005E908F /* HotPointCell.m */ = {isa = PBXFileReference; fileEncoding = 4; lastKnownFileType = sourcecode.c.objc; name = HotPointCell.m; path = TableHandlers/HotPointCell.m; sourceTree = "<group>"; };
		D7E8FD7A1C158849005E908F /* HotPointCell.xib */ = {isa = PBXFileReference; fileEncoding = 4; lastKnownFileType = file.xib; name = HotPointCell.xib; path = TableHandlers/HotPointCell.xib; sourceTree = "<group>"; };
		D7E8FEA51C1AA771005E908F /* XTStretchSegment.h */ = {isa = PBXFileReference; fileEncoding = 4; lastKnownFileType = sourcecode.c.h; name = XTStretchSegment.h; path = XTStretchSegment/XTStretchSegment.h; sourceTree = "<group>"; };
		D7E8FEA61C1AA771005E908F /* XTStretchSegment.m */ = {isa = PBXFileReference; fileEncoding = 4; lastKnownFileType = sourcecode.c.objc; name = XTStretchSegment.m; path = XTStretchSegment/XTStretchSegment.m; sourceTree = "<group>"; };
/* End PBXFileReference section */

/* Begin PBXFrameworksBuildPhase section */
		D7E8FCAE1C11A02F005E908F /* Frameworks */ = {
			isa = PBXFrameworksBuildPhase;
			buildActionMask = 2147483647;
			files = (
			);
			runOnlyForDeploymentPostprocessing = 0;
		};
		D7E8FCC71C11A02F005E908F /* Frameworks */ = {
			isa = PBXFrameworksBuildPhase;
			buildActionMask = 2147483647;
			files = (
			);
			runOnlyForDeploymentPostprocessing = 0;
		};
		D7E8FCD21C11A02F005E908F /* Frameworks */ = {
			isa = PBXFrameworksBuildPhase;
			buildActionMask = 2147483647;
			files = (
			);
			runOnlyForDeploymentPostprocessing = 0;
		};
/* End PBXFrameworksBuildPhase section */

/* Begin PBXGroup section */
		D7E8FCA81C11A02F005E908F = {
			isa = PBXGroup;
			children = (
				D7E8FCB31C11A02F005E908F /* XTMultipleTables */,
				D7E8FCCD1C11A02F005E908F /* XTMultipleTablesTests */,
				D7E8FCD81C11A02F005E908F /* XTMultipleTablesUITests */,
				D7E8FCB21C11A02F005E908F /* Products */,
			);
			sourceTree = "<group>";
		};
		D7E8FCB21C11A02F005E908F /* Products */ = {
			isa = PBXGroup;
			children = (
				D7E8FCB11C11A02F005E908F /* XTMultipleTables.app */,
				D7E8FCCA1C11A02F005E908F /* XTMultipleTablesTests.xctest */,
				D7E8FCD51C11A02F005E908F /* XTMultipleTablesUITests.xctest */,
			);
			name = Products;
			sourceTree = "<group>";
		};
		D7E8FCB31C11A02F005E908F /* XTMultipleTables */ = {
			isa = PBXGroup;
			children = (
				D7E8FCB71C11A02F005E908F /* AppDelegate.h */,
				D7E8FCB81C11A02F005E908F /* AppDelegate.m */,
				D7E8FCBA1C11A02F005E908F /* ViewController.h */,
				D7E8FCBB1C11A02F005E908F /* ViewController.m */,
				D7E8FD5E1C1537DE005E908F /* TableHandles */,
				D7E8FCE71C11A056005E908F /* XTMultipleTables */,
				D7E8FCBD1C11A02F005E908F /* Main.storyboard */,
				D7E8FCC01C11A02F005E908F /* Assets.xcassets */,
				D7E8FCC21C11A02F005E908F /* LaunchScreen.storyboard */,
				D7E8FCC51C11A02F005E908F /* Info.plist */,
				D7E8FCB41C11A02F005E908F /* Supporting Files */,
			);
			path = XTMultipleTables;
			sourceTree = "<group>";
		};
		D7E8FCB41C11A02F005E908F /* Supporting Files */ = {
			isa = PBXGroup;
			children = (
				D7E8FCB51C11A02F005E908F /* main.m */,
			);
			name = "Supporting Files";
			sourceTree = "<group>";
		};
		D7E8FCCD1C11A02F005E908F /* XTMultipleTablesTests */ = {
			isa = PBXGroup;
			children = (
				D7E8FCCE1C11A02F005E908F /* XTMultipleTablesTests.m */,
				D7E8FCD01C11A02F005E908F /* Info.plist */,
			);
			path = XTMultipleTablesTests;
			sourceTree = "<group>";
		};
		D7E8FCD81C11A02F005E908F /* XTMultipleTablesUITests */ = {
			isa = PBXGroup;
			children = (
				D7E8FCD91C11A02F005E908F /* XTMultipleTablesUITests.m */,
				D7E8FCDB1C11A02F005E908F /* Info.plist */,
			);
			path = XTMultipleTablesUITests;
			sourceTree = "<group>";
		};
		D7E8FCE71C11A056005E908F /* XTMultipleTables */ = {
			isa = PBXGroup;
			children = (
				D7E8FCE81C11A06E005E908F /* XTMultipleTables.h */,
				D7E8FCE91C11A06E005E908F /* XTMultipleTables.m */,
			);
			path = XTMultipleTables;
			sourceTree = "<group>";
		};
		D7E8FD5E1C1537DE005E908F /* TableHandles */ = {
			isa = PBXGroup;
			children = (
				D7E8FD671C157178005E908F /* XTTableViewRootHandler.h */,
				D7E8FD681C157179005E908F /* XTTableViewRootHandler.m */,
				D7E8FEA51C1AA771005E908F /* XTStretchSegment.h */,
				D7E8FEA61C1AA771005E908F /* XTStretchSegment.m */,
				D7E8FD721C158788005E908F /* homePage */,
				D7E8FD731C158793005E908F /* Entertainment */,
				D7E8FD741C1587A8005E908F /* Hot */,
			);
			name = TableHandles;
			sourceTree = "<group>";
		};
		D7E8FD721C158788005E908F /* homePage */ = {
			isa = PBXGroup;
			children = (
				D7E8FD5F1C153841005E908F /* TableHandler_homePage.h */,
				D7E8FD601C153841005E908F /* TableHandler_homePage.m */,
				D7E8FD621C153C66005E908F /* HomeCell.h */,
				D7E8FD631C153C66005E908F /* HomeCell.m */,
				D7E8FD641C153C66005E908F /* HomeCell.xib */,
			);
			name = homePage;
			sourceTree = "<group>";
		};
		D7E8FD731C158793005E908F /* Entertainment */ = {
			isa = PBXGroup;
			children = (
				D7E8FD6A1C1576C8005E908F /* TableHander_ entertainment.h */,
				D7E8FD6B1C1576C8005E908F /* TableHander_ entertainment.m */,
				D7E8FD6D1C1576EE005E908F /* EntertainmentCell.h */,
				D7E8FD6E1C1576EE005E908F /* EntertainmentCell.m */,
				D7E8FD6F1C1576EE005E908F /* EntertainmentCell.xib */,
			);
			name = Entertainment;
			sourceTree = "<group>";
		};
		D7E8FD741C1587A8005E908F /* Hot */ = {
			isa = PBXGroup;
			children = (
				D7E8FD751C158810005E908F /* TableHandler_hot.h */,
				D7E8FD761C158810005E908F /* TableHandler_hot.m */,
				D7E8FD781C158849005E908F /* HotPointCell.h */,
				D7E8FD791C158849005E908F /* HotPointCell.m */,
				D7E8FD7A1C158849005E908F /* HotPointCell.xib */,
			);
			name = Hot;
			sourceTree = "<group>";
		};
/* End PBXGroup section */

/* Begin PBXNativeTarget section */
		D7E8FCB01C11A02F005E908F /* XTMultipleTables */ = {
			isa = PBXNativeTarget;
			buildConfigurationList = D7E8FCDE1C11A02F005E908F /* Build configuration list for PBXNativeTarget "XTMultipleTables" */;
			buildPhases = (
				D7E8FCAD1C11A02F005E908F /* Sources */,
				D7E8FCAE1C11A02F005E908F /* Frameworks */,
				D7E8FCAF1C11A02F005E908F /* Resources */,
			);
			buildRules = (
			);
			dependencies = (
			);
			name = XTMultipleTables;
			productName = XTMultipleTables;
			productReference = D7E8FCB11C11A02F005E908F /* XTMultipleTables.app */;
			productType = "com.apple.product-type.application";
		};
		D7E8FCC91C11A02F005E908F /* XTMultipleTablesTests */ = {
			isa = PBXNativeTarget;
			buildConfigurationList = D7E8FCE11C11A02F005E908F /* Build configuration list for PBXNativeTarget "XTMultipleTablesTests" */;
			buildPhases = (
				D7E8FCC61C11A02F005E908F /* Sources */,
				D7E8FCC71C11A02F005E908F /* Frameworks */,
				D7E8FCC81C11A02F005E908F /* Resources */,
			);
			buildRules = (
			);
			dependencies = (
				D7E8FCCC1C11A02F005E908F /* PBXTargetDependency */,
			);
			name = XTMultipleTablesTests;
			productName = XTMultipleTablesTests;
			productReference = D7E8FCCA1C11A02F005E908F /* XTMultipleTablesTests.xctest */;
			productType = "com.apple.product-type.bundle.unit-test";
		};
		D7E8FCD41C11A02F005E908F /* XTMultipleTablesUITests */ = {
			isa = PBXNativeTarget;
			buildConfigurationList = D7E8FCE41C11A02F005E908F /* Build configuration list for PBXNativeTarget "XTMultipleTablesUITests" */;
			buildPhases = (
				D7E8FCD11C11A02F005E908F /* Sources */,
				D7E8FCD21C11A02F005E908F /* Frameworks */,
				D7E8FCD31C11A02F005E908F /* Resources */,
			);
			buildRules = (
			);
			dependencies = (
				D7E8FCD71C11A02F005E908F /* PBXTargetDependency */,
			);
			name = XTMultipleTablesUITests;
			productName = XTMultipleTablesUITests;
			productReference = D7E8FCD51C11A02F005E908F /* XTMultipleTablesUITests.xctest */;
			productType = "com.apple.product-type.bundle.ui-testing";
		};
/* End PBXNativeTarget section */

/* Begin PBXProject section */
		D7E8FCA91C11A02F005E908F /* Project object */ = {
			isa = PBXProject;
			attributes = {
				LastUpgradeCheck = 0710;
				ORGANIZATIONNAME = teason;
				TargetAttributes = {
					D7E8FCB01C11A02F005E908F = {
						CreatedOnToolsVersion = 7.1;
					};
					D7E8FCC91C11A02F005E908F = {
						CreatedOnToolsVersion = 7.1;
						TestTargetID = D7E8FCB01C11A02F005E908F;
					};
					D7E8FCD41C11A02F005E908F = {
						CreatedOnToolsVersion = 7.1;
						TestTargetID = D7E8FCB01C11A02F005E908F;
					};
				};
			};
			buildConfigurationList = D7E8FCAC1C11A02F005E908F /* Build configuration list for PBXProject "XTMultipleTables" */;
			compatibilityVersion = "Xcode 3.2";
			developmentRegion = English;
			hasScannedForEncodings = 0;
			knownRegions = (
				en,
				Base,
			);
			mainGroup = D7E8FCA81C11A02F005E908F;
			productRefGroup = D7E8FCB21C11A02F005E908F /* Products */;
			projectDirPath = "";
			projectRoot = "";
			targets = (
				D7E8FCB01C11A02F005E908F /* XTMultipleTables */,
				D7E8FCC91C11A02F005E908F /* XTMultipleTablesTests */,
				D7E8FCD41C11A02F005E908F /* XTMultipleTablesUITests */,
			);
		};
/* End PBXProject section */

/* Begin PBXResourcesBuildPhase section */
		D7E8FCAF1C11A02F005E908F /* Resources */ = {
			isa = PBXResourcesBuildPhase;
			buildActionMask = 2147483647;
			files = (
				D7E8FD7C1C158849005E908F /* HotPointCell.xib in Resources */,
				D7E8FCC41C11A02F005E908F /* LaunchScreen.storyboard in Resources */,
				D7E8FD711C1576EE005E908F /* EntertainmentCell.xib in Resources */,
				D7E8FCC11C11A02F005E908F /* Assets.xcassets in Resources */,
				D7E8FD661C153C66005E908F /* HomeCell.xib in Resources */,
				D7E8FCBF1C11A02F005E908F /* Main.storyboard in Resources */,
			);
			runOnlyForDeploymentPostprocessing = 0;
		};
		D7E8FCC81C11A02F005E908F /* Resources */ = {
			isa = PBXResourcesBuildPhase;
			buildActionMask = 2147483647;
			files = (
			);
			runOnlyForDeploymentPostprocessing = 0;
		};
		D7E8FCD31C11A02F005E908F /* Resources */ = {
			isa = PBXResourcesBuildPhase;
			buildActionMask = 2147483647;
			files = (
			);
			runOnlyForDeploymentPostprocessing = 0;
		};
/* End PBXResourcesBuildPhase section */

/* Begin PBXSourcesBuildPhase section */
		D7E8FCAD1C11A02F005E908F /* Sources */ = {
			isa = PBXSourcesBuildPhase;
			buildActionMask = 2147483647;
			files = (
				D7E8FCEA1C11A06E005E908F /* XTMultipleTables.m in Sources */,
				D7E8FD691C157179005E908F /* XTTableViewRootHandler.m in Sources */,
				D7E8FCBC1C11A02F005E908F /* ViewController.m in Sources */,
				D7E8FD771C158810005E908F /* TableHandler_hot.m in Sources */,
				D7E8FCB91C11A02F005E908F /* AppDelegate.m in Sources */,
				D7E8FD7B1C158849005E908F /* HotPointCell.m in Sources */,
				D7E8FD611C153841005E908F /* TableHandler_homePage.m in Sources */,
				D7E8FD701C1576EE005E908F /* EntertainmentCell.m in Sources */,
				D7E8FD651C153C66005E908F /* HomeCell.m in Sources */,
				D7E8FEA71C1AA771005E908F /* XTStretchSegment.m in Sources */,
				D7E8FD6C1C1576C8005E908F /* TableHander_ entertainment.m in Sources */,
				D7E8FCB61C11A02F005E908F /* main.m in Sources */,
			);
			runOnlyForDeploymentPostprocessing = 0;
		};
		D7E8FCC61C11A02F005E908F /* Sources */ = {
			isa = PBXSourcesBuildPhase;
			buildActionMask = 2147483647;
			files = (
				D7E8FCCF1C11A02F005E908F /* XTMultipleTablesTests.m in Sources */,
			);
			runOnlyForDeploymentPostprocessing = 0;
		};
		D7E8FCD11C11A02F005E908F /* Sources */ = {
			isa = PBXSourcesBuildPhase;
			buildActionMask = 2147483647;
			files = (
				D7E8FCDA1C11A02F005E908F /* XTMultipleTablesUITests.m in Sources */,
			);
			runOnlyForDeploymentPostprocessing = 0;
		};
/* End PBXSourcesBuildPhase section */

/* Begin PBXTargetDependency section */
		D7E8FCCC1C11A02F005E908F /* PBXTargetDependency */ = {
			isa = PBXTargetDependency;
			target = D7E8FCB01C11A02F005E908F /* XTMultipleTables */;
			targetProxy = D7E8FCCB1C11A02F005E908F /* PBXContainerItemProxy */;
		};
		D7E8FCD71C11A02F005E908F /* PBXTargetDependency */ = {
			isa = PBXTargetDependency;
			target = D7E8FCB01C11A02F005E908F /* XTMultipleTables */;
			targetProxy = D7E8FCD61C11A02F005E908F /* PBXContainerItemProxy */;
		};
/* End PBXTargetDependency section */

/* Begin PBXVariantGroup section */
		D7E8FCBD1C11A02F005E908F /* Main.storyboard */ = {
			isa = PBXVariantGroup;
			children = (
				D7E8FCBE1C11A02F005E908F /* Base */,
			);
			name = Main.storyboard;
			sourceTree = "<group>";
		};
		D7E8FCC21C11A02F005E908F /* LaunchScreen.storyboard */ = {
			isa = PBXVariantGroup;
			children = (
				D7E8FCC31C11A02F005E908F /* Base */,
			);
			name = LaunchScreen.storyboard;
			sourceTree = "<group>";
		};
/* End PBXVariantGroup section */

/* Begin XCBuildConfiguration section */
		D7E8FCDC1C11A02F005E908F /* Debug */ = {
			isa = XCBuildConfiguration;
			buildSettings = {
				ALWAYS_SEARCH_USER_PATHS = NO;
				CLANG_CXX_LANGUAGE_STANDARD = "gnu++0x";
				CLANG_CXX_LIBRARY = "libc++";
				CLANG_ENABLE_MODULES = YES;
				CLANG_ENABLE_OBJC_ARC = YES;
				CLANG_WARN_BOOL_CONVERSION = YES;
				CLANG_WARN_CONSTANT_CONVERSION = YES;
				CLANG_WARN_DIRECT_OBJC_ISA_USAGE = YES_ERROR;
				CLANG_WARN_EMPTY_BODY = YES;
				CLANG_WARN_ENUM_CONVERSION = YES;
				CLANG_WARN_INT_CONVERSION = YES;
				CLANG_WARN_OBJC_ROOT_CLASS = YES_ERROR;
				CLANG_WARN_UNREACHABLE_CODE = YES;
				CLANG_WARN__DUPLICATE_METHOD_MATCH = YES;
				"CODE_SIGN_IDENTITY[sdk=iphoneos*]" = "iPhone Developer";
				COPY_PHASE_STRIP = NO;
				DEBUG_INFORMATION_FORMAT = dwarf;
				ENABLE_STRICT_OBJC_MSGSEND = YES;
				ENABLE_TESTABILITY = YES;
				GCC_C_LANGUAGE_STANDARD = gnu99;
				GCC_DYNAMIC_NO_PIC = NO;
				GCC_NO_COMMON_BLOCKS = YES;
				GCC_OPTIMIZATION_LEVEL = 0;
				GCC_PREPROCESSOR_DEFINITIONS = (
					"DEBUG=1",
					"$(inherited)",
				);
				GCC_WARN_64_TO_32_BIT_CONVERSION = YES;
				GCC_WARN_ABOUT_RETURN_TYPE = YES_ERROR;
				GCC_WARN_UNDECLARED_SELECTOR = YES;
				GCC_WARN_UNINITIALIZED_AUTOS = YES_AGGRESSIVE;
				GCC_WARN_UNUSED_FUNCTION = YES;
				GCC_WARN_UNUSED_VARIABLE = YES;
				IPHONEOS_DEPLOYMENT_TARGET = 9.1;
				MTL_ENABLE_DEBUG_INFO = YES;
				ONLY_ACTIVE_ARCH = YES;
				SDKROOT = iphoneos;
				TARGETED_DEVICE_FAMILY = "1,2";
			};
			name = Debug;
		};
		D7E8FCDD1C11A02F005E908F /* Release */ = {
			isa = XCBuildConfiguration;
			buildSettings = {
				ALWAYS_SEARCH_USER_PATHS = NO;
				CLANG_CXX_LANGUAGE_STANDARD = "gnu++0x";
				CLANG_CXX_LIBRARY = "libc++";
				CLANG_ENABLE_MODULES = YES;
				CLANG_ENABLE_OBJC_ARC = YES;
				CLANG_WARN_BOOL_CONVERSION = YES;
				CLANG_WARN_CONSTANT_CONVERSION = YES;
				CLANG_WARN_DIRECT_OBJC_ISA_USAGE = YES_ERROR;
				CLANG_WARN_EMPTY_BODY = YES;
				CLANG_WARN_ENUM_CONVERSION = YES;
				CLANG_WARN_INT_CONVERSION = YES;
				CLANG_WARN_OBJC_ROOT_CLASS = YES_ERROR;
				CLANG_WARN_UNREACHABLE_CODE = YES;
				CLANG_WARN__DUPLICATE_METHOD_MATCH = YES;
				"CODE_SIGN_IDENTITY[sdk=iphoneos*]" = "iPhone Developer";
				COPY_PHASE_STRIP = NO;
				DEBUG_INFORMATION_FORMAT = "dwarf-with-dsym";
				ENABLE_NS_ASSERTIONS = NO;
				ENABLE_STRICT_OBJC_MSGSEND = YES;
				GCC_C_LANGUAGE_STANDARD = gnu99;
				GCC_NO_COMMON_BLOCKS = YES;
				GCC_WARN_64_TO_32_BIT_CONVERSION = YES;
				GCC_WARN_ABOUT_RETURN_TYPE = YES_ERROR;
				GCC_WARN_UNDECLARED_SELECTOR = YES;
				GCC_WARN_UNINITIALIZED_AUTOS = YES_AGGRESSIVE;
				GCC_WARN_UNUSED_FUNCTION = YES;
				GCC_WARN_UNUSED_VARIABLE = YES;
				IPHONEOS_DEPLOYMENT_TARGET = 9.1;
				MTL_ENABLE_DEBUG_INFO = NO;
				SDKROOT = iphoneos;
				TARGETED_DEVICE_FAMILY = "1,2";
				VALIDATE_PRODUCT = YES;
			};
			name = Release;
		};
		D7E8FCDF1C11A02F005E908F /* Debug */ = {
			isa = XCBuildConfiguration;
			buildSettings = {
				ASSETCATALOG_COMPILER_APPICON_NAME = AppIcon;
				INFOPLIST_FILE = XTMultipleTables/Info.plist;
				LD_RUNPATH_SEARCH_PATHS = "$(inherited) @executable_path/Frameworks";
				PRODUCT_BUNDLE_IDENTIFIER = com.teason.XTMultipleTables;
				PRODUCT_NAME = "$(TARGET_NAME)";
			};
			name = Debug;
		};
		D7E8FCE01C11A02F005E908F /* Release */ = {
			isa = XCBuildConfiguration;
			buildSettings = {
				ASSETCATALOG_COMPILER_APPICON_NAME = AppIcon;
				INFOPLIST_FILE = XTMultipleTables/Info.plist;
				LD_RUNPATH_SEARCH_PATHS = "$(inherited) @executable_path/Frameworks";
				PRODUCT_BUNDLE_IDENTIFIER = com.teason.XTMultipleTables;
				PRODUCT_NAME = "$(TARGET_NAME)";
			};
			name = Release;
		};
		D7E8FCE21C11A02F005E908F /* Debug */ = {
			isa = XCBuildConfiguration;
			buildSettings = {
				BUNDLE_LOADER = "$(TEST_HOST)";
				INFOPLIST_FILE = XTMultipleTablesTests/Info.plist;
				LD_RUNPATH_SEARCH_PATHS = "$(inherited) @executable_path/Frameworks @loader_path/Frameworks";
				PRODUCT_BUNDLE_IDENTIFIER = com.teason.XTMultipleTablesTests;
				PRODUCT_NAME = "$(TARGET_NAME)";
				TEST_HOST = "$(BUILT_PRODUCTS_DIR)/XTMultipleTables.app/XTMultipleTables";
			};
			name = Debug;
		};
		D7E8FCE31C11A02F005E908F /* Release */ = {
			isa = XCBuildConfiguration;
			buildSettings = {
				BUNDLE_LOADER = "$(TEST_HOST)";
				INFOPLIST_FILE = XTMultipleTablesTests/Info.plist;
				LD_RUNPATH_SEARCH_PATHS = "$(inherited) @executable_path/Frameworks @loader_path/Frameworks";
				PRODUCT_BUNDLE_IDENTIFIER = com.teason.XTMultipleTablesTests;
				PRODUCT_NAME = "$(TARGET_NAME)";
				TEST_HOST = "$(BUILT_PRODUCTS_DIR)/XTMultipleTables.app/XTMultipleTables";
			};
			name = Release;
		};
		D7E8FCE51C11A02F005E908F /* Debug */ = {
			isa = XCBuildConfiguration;
			buildSettings = {
				INFOPLIST_FILE = XTMultipleTablesUITests/Info.plist;
				LD_RUNPATH_SEARCH_PATHS = "$(inherited) @executable_path/Frameworks @loader_path/Frameworks";
				PRODUCT_BUNDLE_IDENTIFIER = com.teason.XTMultipleTablesUITests;
				PRODUCT_NAME = "$(TARGET_NAME)";
				TEST_TARGET_NAME = XTMultipleTables;
				USES_XCTRUNNER = YES;
			};
			name = Debug;
		};
		D7E8FCE61C11A02F005E908F /* Release */ = {
			isa = XCBuildConfiguration;
			buildSettings = {
				INFOPLIST_FILE = XTMultipleTablesUITests/Info.plist;
				LD_RUNPATH_SEARCH_PATHS = "$(inherited) @executable_path/Frameworks @loader_path/Frameworks";
				PRODUCT_BUNDLE_IDENTIFIER = com.teason.XTMultipleTablesUITests;
				PRODUCT_NAME = "$(TARGET_NAME)";
				TEST_TARGET_NAME = XTMultipleTables;
				USES_XCTRUNNER = YES;
			};
			name = Release;
		};
/* End XCBuildConfiguration section */

/* Begin XCConfigurationList section */
		D7E8FCAC1C11A02F005E908F /* Build configuration list for PBXProject "XTMultipleTables" */ = {
			isa = XCConfigurationList;
			buildConfigurations = (
				D7E8FCDC1C11A02F005E908F /* Debug */,
				D7E8FCDD1C11A02F005E908F /* Release */,
			);
			defaultConfigurationIsVisible = 0;
			defaultConfigurationName = Release;
		};
		D7E8FCDE1C11A02F005E908F /* Build configuration list for PBXNativeTarget "XTMultipleTables" */ = {
			isa = XCConfigurationList;
			buildConfigurations = (
				D7E8FCDF1C11A02F005E908F /* Debug */,
				D7E8FCE01C11A02F005E908F /* Release */,
			);
			defaultConfigurationIsVisible = 0;
		};
		D7E8FCE11C11A02F005E908F /* Build configuration list for PBXNativeTarget "XTMultipleTablesTests" */ = {
			isa = XCConfigurationList;
			buildConfigurations = (
				D7E8FCE21C11A02F005E908F /* Debug */,
				D7E8FCE31C11A02F005E908F /* Release */,
			);
			defaultConfigurationIsVisible = 0;
		};
		D7E8FCE41C11A02F005E908F /* Build configuration list for PBXNativeTarget "XTMultipleTablesUITests" */ = {
			isa = XCConfigurationList;
			buildConfigurations = (
				D7E8FCE51C11A02F005E908F /* Debug */,
				D7E8FCE61C11A02F005E908F /* Release */,
			);
			defaultConfigurationIsVisible = 0;
		};
/* End XCConfigurationList section */
	};
	rootObject = D7E8FCA91C11A02F005E908F /* Project object */;
}
